// !$*UTF8*$!
{
	archiveVersion = 1;
	classes = {
	};
	objectVersion = 50;
	objects = {

/* Begin PBXBuildFile section */
		3A37FFCB20B9B5300076128E /* AppDelegate.swift in Sources */ = {isa = PBXBuildFile; fileRef = 3A37FFCA20B9B5300076128E /* AppDelegate.swift */; };
		3A37FFCD20B9B5300076128E /* ViewController.swift in Sources */ = {isa = PBXBuildFile; fileRef = 3A37FFCC20B9B5300076128E /* ViewController.swift */; };
		3A37FFD020B9B5300076128E /* Main.storyboard in Resources */ = {isa = PBXBuildFile; fileRef = 3A37FFCE20B9B5300076128E /* Main.storyboard */; };
		3A37FFD220B9B5340076128E /* Assets.xcassets in Resources */ = {isa = PBXBuildFile; fileRef = 3A37FFD120B9B5340076128E /* Assets.xcassets */; };
		3A37FFD520B9B5340076128E /* LaunchScreen.storyboard in Resources */ = {isa = PBXBuildFile; fileRef = 3A37FFD320B9B5340076128E /* LaunchScreen.storyboard */; };
		3A37FFE020B9B5340076128E /* RouterTests.swift in Sources */ = {isa = PBXBuildFile; fileRef = 3A37FFDF20B9B5340076128E /* RouterTests.swift */; };
		3A37FFEB20B9B5340076128E /* RouterUITests.swift in Sources */ = {isa = PBXBuildFile; fileRef = 3A37FFEA20B9B5340076128E /* RouterUITests.swift */; };
/* End PBXBuildFile section */

/* Begin PBXContainerItemProxy section */
		3A37FFDC20B9B5340076128E /* PBXContainerItemProxy */ = {
			isa = PBXContainerItemProxy;
			containerPortal = 3A37FFBF20B9B5300076128E /* Project object */;
			proxyType = 1;
			remoteGlobalIDString = 3A37FFC620B9B5300076128E;
			remoteInfo = Router;
		};
		3A37FFE720B9B5340076128E /* PBXContainerItemProxy */ = {
			isa = PBXContainerItemProxy;
			containerPortal = 3A37FFBF20B9B5300076128E /* Project object */;
			proxyType = 1;
			remoteGlobalIDString = 3A37FFC620B9B5300076128E;
			remoteInfo = Router;
		};
/* End PBXContainerItemProxy section */

/* Begin PBXFileReference section */
		3A37FFC720B9B5300076128E /* Router.app */ = {isa = PBXFileReference; explicitFileType = wrapper.application; includeInIndex = 0; path = Router.app; sourceTree = BUILT_PRODUCTS_DIR; };
		3A37FFCA20B9B5300076128E /* AppDelegate.swift */ = {isa = PBXFileReference; lastKnownFileType = sourcecode.swift; path = AppDelegate.swift; sourceTree = "<group>"; };
		3A37FFCC20B9B5300076128E /* ViewController.swift */ = {isa = PBXFileReference; lastKnownFileType = sourcecode.swift; path = ViewController.swift; sourceTree = "<group>"; };
		3A37FFCF20B9B5300076128E /* Base */ = {isa = PBXFileReference; lastKnownFileType = file.storyboard; name = Base; path = Base.lproj/Main.storyboard; sourceTree = "<group>"; };
		3A37FFD120B9B5340076128E /* Assets.xcassets */ = {isa = PBXFileReference; lastKnownFileType = folder.assetcatalog; path = Assets.xcassets; sourceTree = "<group>"; };
		3A37FFD420B9B5340076128E /* Base */ = {isa = PBXFileReference; lastKnownFileType = file.storyboard; name = Base; path = Base.lproj/LaunchScreen.storyboard; sourceTree = "<group>"; };
		3A37FFD620B9B5340076128E /* Info.plist */ = {isa = PBXFileReference; lastKnownFileType = text.plist.xml; path = Info.plist; sourceTree = "<group>"; };
		3A37FFDB20B9B5340076128E /* RouterTests.xctest */ = {isa = PBXFileReference; explicitFileType = wrapper.cfbundle; includeInIndex = 0; path = RouterTests.xctest; sourceTree = BUILT_PRODUCTS_DIR; };
		3A37FFDF20B9B5340076128E /* RouterTests.swift */ = {isa = PBXFileReference; lastKnownFileType = sourcecode.swift; path = RouterTests.swift; sourceTree = "<group>"; };
		3A37FFE120B9B5340076128E /* Info.plist */ = {isa = PBXFileReference; lastKnownFileType = text.plist.xml; path = Info.plist; sourceTree = "<group>"; };
		3A37FFE620B9B5340076128E /* RouterUITests.xctest */ = {isa = PBXFileReference; explicitFileType = wrapper.cfbundle; includeInIndex = 0; path = RouterUITests.xctest; sourceTree = BUILT_PRODUCTS_DIR; };
		3A37FFEA20B9B5340076128E /* RouterUITests.swift */ = {isa = PBXFileReference; lastKnownFileType = sourcecode.swift; path = RouterUITests.swift; sourceTree = "<group>"; };
		3A37FFEC20B9B5340076128E /* Info.plist */ = {isa = PBXFileReference; lastKnownFileType = text.plist.xml; path = Info.plist; sourceTree = "<group>"; };
/* End PBXFileReference section */

/* Begin PBXFrameworksBuildPhase section */
		3A37FFC420B9B5300076128E /* Frameworks */ = {
			isa = PBXFrameworksBuildPhase;
			buildActionMask = 2147483647;
			files = (
			);
			runOnlyForDeploymentPostprocessing = 0;
		};
		3A37FFD820B9B5340076128E /* Frameworks */ = {
			isa = PBXFrameworksBuildPhase;
			buildActionMask = 2147483647;
			files = (
			);
			runOnlyForDeploymentPostprocessing = 0;
		};
		3A37FFE320B9B5340076128E /* Frameworks */ = {
			isa = PBXFrameworksBuildPhase;
			buildActionMask = 2147483647;
			files = (
			);
			runOnlyForDeploymentPostprocessing = 0;
		};
/* End PBXFrameworksBuildPhase section */

/* Begin PBXGroup section */
		3A37FFBE20B9B5300076128E = {
			isa = PBXGroup;
			children = (
				3A37FFC920B9B5300076128E /* Router */,
				3A37FFDE20B9B5340076128E /* RouterTests */,
				3A37FFE920B9B5340076128E /* RouterUITests */,
				3A37FFC820B9B5300076128E /* Products */,
			);
			sourceTree = "<group>";
		};
		3A37FFC820B9B5300076128E /* Products */ = {
			isa = PBXGroup;
			children = (
				3A37FFC720B9B5300076128E /* Router.app */,
				3A37FFDB20B9B5340076128E /* RouterTests.xctest */,
				3A37FFE620B9B5340076128E /* RouterUITests.xctest */,
			);
			name = Products;
			sourceTree = "<group>";
		};
		3A37FFC920B9B5300076128E /* Router */ = {
			isa = PBXGroup;
			children = (
				3A37FFCA20B9B5300076128E /* AppDelegate.swift */,
				3A37FFCC20B9B5300076128E /* ViewController.swift */,
				3A37FFCE20B9B5300076128E /* Main.storyboard */,
				3A37FFD120B9B5340076128E /* Assets.xcassets */,
				3A37FFD320B9B5340076128E /* LaunchScreen.storyboard */,
				3A37FFD620B9B5340076128E /* Info.plist */,
			);
			path = Router;
			sourceTree = "<group>";
		};
		3A37FFDE20B9B5340076128E /* RouterTests */ = {
			isa = PBXGroup;
			children = (
				3A37FFDF20B9B5340076128E /* RouterTests.swift */,
				3A37FFE120B9B5340076128E /* Info.plist */,
			);
			path = RouterTests;
			sourceTree = "<group>";
		};
		3A37FFE920B9B5340076128E /* RouterUITests */ = {
			isa = PBXGroup;
			children = (
				3A37FFEA20B9B5340076128E /* RouterUITests.swift */,
				3A37FFEC20B9B5340076128E /* Info.plist */,
			);
			path = RouterUITests;
			sourceTree = "<group>";
		};
/* End PBXGroup section */

/* Begin PBXNativeTarget section */
		3A37FFC620B9B5300076128E /* Router */ = {
			isa = PBXNativeTarget;
			buildConfigurationList = 3A37FFEF20B9B5340076128E /* Build configuration list for PBXNativeTarget "Router" */;
			buildPhases = (
				3A37FFC320B9B5300076128E /* Sources */,
				3A37FFC420B9B5300076128E /* Frameworks */,
				3A37FFC520B9B5300076128E /* Resources */,
			);
			buildRules = (
			);
			dependencies = (
			);
			name = Router;
			productName = Router;
			productReference = 3A37FFC720B9B5300076128E /* Router.app */;
			productType = "com.apple.product-type.application";
		};
		3A37FFDA20B9B5340076128E /* RouterTests */ = {
			isa = PBXNativeTarget;
			buildConfigurationList = 3A37FFF220B9B5340076128E /* Build configuration list for PBXNativeTarget "RouterTests" */;
			buildPhases = (
				3A37FFD720B9B5340076128E /* Sources */,
				3A37FFD820B9B5340076128E /* Frameworks */,
				3A37FFD920B9B5340076128E /* Resources */,
			);
			buildRules = (
			);
			dependencies = (
				3A37FFDD20B9B5340076128E /* PBXTargetDependency */,
			);
			name = RouterTests;
			productName = RouterTests;
			productReference = 3A37FFDB20B9B5340076128E /* RouterTests.xctest */;
			productType = "com.apple.product-type.bundle.unit-test";
		};
		3A37FFE520B9B5340076128E /* RouterUITests */ = {
			isa = PBXNativeTarget;
			buildConfigurationList = 3A37FFF520B9B5340076128E /* Build configuration list for PBXNativeTarget "RouterUITests" */;
			buildPhases = (
				3A37FFE220B9B5340076128E /* Sources */,
				3A37FFE320B9B5340076128E /* Frameworks */,
				3A37FFE420B9B5340076128E /* Resources */,
			);
			buildRules = (
			);
			dependencies = (
				3A37FFE820B9B5340076128E /* PBXTargetDependency */,
			);
			name = RouterUITests;
			productName = RouterUITests;
			productReference = 3A37FFE620B9B5340076128E /* RouterUITests.xctest */;
			productType = "com.apple.product-type.bundle.ui-testing";
		};
/* End PBXNativeTarget section */

/* Begin PBXProject section */
		3A37FFBF20B9B5300076128E /* Project object */ = {
			isa = PBXProject;
			attributes = {
				LastSwiftUpdateCheck = 0930;
				LastUpgradeCheck = 0930;
				ORGANIZATIONNAME = "Anton Goncharov";
				TargetAttributes = {
					3A37FFC620B9B5300076128E = {
						CreatedOnToolsVersion = 9.3;
					};
					3A37FFDA20B9B5340076128E = {
						CreatedOnToolsVersion = 9.3;
						TestTargetID = 3A37FFC620B9B5300076128E;
					};
					3A37FFE520B9B5340076128E = {
						CreatedOnToolsVersion = 9.3;
						TestTargetID = 3A37FFC620B9B5300076128E;
					};
				};
			};
			buildConfigurationList = 3A37FFC220B9B5300076128E /* Build configuration list for PBXProject "Router" */;
			compatibilityVersion = "Xcode 9.3";
			developmentRegion = en;
			hasScannedForEncodings = 0;
			knownRegions = (
				en,
				Base,
			);
			mainGroup = 3A37FFBE20B9B5300076128E;
			productRefGroup = 3A37FFC820B9B5300076128E /* Products */;
			projectDirPath = "";
			projectRoot = "";
			targets = (
				3A37FFC620B9B5300076128E /* Router */,
				3A37FFDA20B9B5340076128E /* RouterTests */,
				3A37FFE520B9B5340076128E /* RouterUITests */,
			);
		};
/* End PBXProject section */

/* Begin PBXResourcesBuildPhase section */
		3A37FFC520B9B5300076128E /* Resources */ = {
			isa = PBXResourcesBuildPhase;
			buildActionMask = 2147483647;
			files = (
				3A37FFD520B9B5340076128E /* LaunchScreen.storyboard in Resources */,
				3A37FFD220B9B5340076128E /* Assets.xcassets in Resources */,
				3A37FFD020B9B5300076128E /* Main.storyboard in Resources */,
			);
			runOnlyForDeploymentPostprocessing = 0;
		};
		3A37FFD920B9B5340076128E /* Resources */ = {
			isa = PBXResourcesBuildPhase;
			buildActionMask = 2147483647;
			files = (
			);
			runOnlyForDeploymentPostprocessing = 0;
		};
		3A37FFE420B9B5340076128E /* Resources */ = {
			isa = PBXResourcesBuildPhase;
			buildActionMask = 2147483647;
			files = (
			);
			runOnlyForDeploymentPostprocessing = 0;
		};
/* End PBXResourcesBuildPhase section */

/* Begin PBXSourcesBuildPhase section */
		3A37FFC320B9B5300076128E /* Sources */ = {
			isa = PBXSourcesBuildPhase;
			buildActionMask = 2147483647;
			files = (
				3A37FFCD20B9B5300076128E /* ViewController.swift in Sources */,
				3A37FFCB20B9B5300076128E /* AppDelegate.swift in Sources */,
			);
			runOnlyForDeploymentPostprocessing = 0;
		};
		3A37FFD720B9B5340076128E /* Sources */ = {
			isa = PBXSourcesBuildPhase;
			buildActionMask = 2147483647;
			files = (
				3A37FFE020B9B5340076128E /* RouterTests.swift in Sources */,
			);
			runOnlyForDeploymentPostprocessing = 0;
		};
		3A37FFE220B9B5340076128E /* Sources */ = {
			isa = PBXSourcesBuildPhase;
			buildActionMask = 2147483647;
			files = (
				3A37FFEB20B9B5340076128E /* RouterUITests.swift in Sources */,
			);
			runOnlyForDeploymentPostprocessing = 0;
		};
/* End PBXSourcesBuildPhase section */

/* Begin PBXTargetDependency section */
		3A37FFDD20B9B5340076128E /* PBXTargetDependency */ = {
			isa = PBXTargetDependency;
			target = 3A37FFC620B9B5300076128E /* Router */;
			targetProxy = 3A37FFDC20B9B5340076128E /* PBXContainerItemProxy */;
		};
		3A37FFE820B9B5340076128E /* PBXTargetDependency */ = {
			isa = PBXTargetDependency;
			target = 3A37FFC620B9B5300076128E /* Router */;
			targetProxy = 3A37FFE720B9B5340076128E /* PBXContainerItemProxy */;
		};
/* End PBXTargetDependency section */

/* Begin PBXVariantGroup section */
		3A37FFCE20B9B5300076128E /* Main.storyboard */ = {
			isa = PBXVariantGroup;
			children = (
				3A37FFCF20B9B5300076128E /* Base */,
			);
			name = Main.storyboard;
			sourceTree = "<group>";
		};
		3A37FFD320B9B5340076128E /* LaunchScreen.storyboard */ = {
			isa = PBXVariantGroup;
			children = (
				3A37FFD420B9B5340076128E /* Base */,
			);
			name = LaunchScreen.storyboard;
			sourceTree = "<group>";
		};
/* End PBXVariantGroup section */

/* Begin XCBuildConfiguration section */
		3A37FFED20B9B5340076128E /* Debug */ = {
			isa = XCBuildConfiguration;
			buildSettings = {
				ALWAYS_SEARCH_USER_PATHS = NO;
				CLANG_ANALYZER_NONNULL = YES;
				CLANG_ANALYZER_NUMBER_OBJECT_CONVERSION = YES_AGGRESSIVE;
				CLANG_CXX_LANGUAGE_STANDARD = "gnu++14";
				CLANG_CXX_LIBRARY = "libc++";
				CLANG_ENABLE_MODULES = YES;
				CLANG_ENABLE_OBJC_ARC = YES;
				CLANG_ENABLE_OBJC_WEAK = YES;
				CLANG_WARN_BLOCK_CAPTURE_AUTORELEASING = YES;
				CLANG_WARN_BOOL_CONVERSION = YES;
				CLANG_WARN_COMMA = YES;
				CLANG_WARN_CONSTANT_CONVERSION = YES;
				CLANG_WARN_DEPRECATED_OBJC_IMPLEMENTATIONS = YES;
				CLANG_WARN_DIRECT_OBJC_ISA_USAGE = YES_ERROR;
				CLANG_WARN_DOCUMENTATION_COMMENTS = YES;
				CLANG_WARN_EMPTY_BODY = YES;
				CLANG_WARN_ENUM_CONVERSION = YES;
				CLANG_WARN_INFINITE_RECURSION = YES;
				CLANG_WARN_INT_CONVERSION = YES;
				CLANG_WARN_NON_LITERAL_NULL_CONVERSION = YES;
				CLANG_WARN_OBJC_IMPLICIT_RETAIN_SELF = YES;
				CLANG_WARN_OBJC_LITERAL_CONVERSION = YES;
				CLANG_WARN_OBJC_ROOT_CLASS = YES_ERROR;
				CLANG_WARN_RANGE_LOOP_ANALYSIS = YES;
				CLANG_WARN_STRICT_PROTOTYPES = YES;
				CLANG_WARN_SUSPICIOUS_MOVE = YES;
				CLANG_WARN_UNGUARDED_AVAILABILITY = YES_AGGRESSIVE;
				CLANG_WARN_UNREACHABLE_CODE = YES;
				CLANG_WARN__DUPLICATE_METHOD_MATCH = YES;
				CODE_SIGN_IDENTITY = "iPhone Developer";
				COPY_PHASE_STRIP = NO;
				DEBUG_INFORMATION_FORMAT = dwarf;
				ENABLE_STRICT_OBJC_MSGSEND = YES;
				ENABLE_TESTABILITY = YES;
				GCC_C_LANGUAGE_STANDARD = gnu11;
				GCC_DYNAMIC_NO_PIC = NO;
				GCC_NO_COMMON_BLOCKS = YES;
				GCC_OPTIMIZATION_LEVEL = 0;
				GCC_PREPROCESSOR_DEFINITIONS = (
					"DEBUG=1",
					"$(inherited)",
				);
				GCC_WARN_64_TO_32_BIT_CONVERSION = YES;
				GCC_WARN_ABOUT_RETURN_TYPE = YES_ERROR;
				GCC_WARN_UNDECLARED_SELECTOR = YES;
				GCC_WARN_UNINITIALIZED_AUTOS = YES_AGGRESSIVE;
				GCC_WARN_UNUSED_FUNCTION = YES;
				GCC_WARN_UNUSED_VARIABLE = YES;
				IPHONEOS_DEPLOYMENT_TARGET = 11.3;
				MTL_ENABLE_DEBUG_INFO = YES;
				ONLY_ACTIVE_ARCH = YES;
				SDKROOT = iphoneos;
				SWIFT_ACTIVE_COMPILATION_CONDITIONS = DEBUG;
				SWIFT_OPTIMIZATION_LEVEL = "-Onone";
			};
			name = Debug;
		};
		3A37FFEE20B9B5340076128E /* Release */ = {
			isa = XCBuildConfiguration;
			buildSettings = {
				ALWAYS_SEARCH_USER_PATHS = NO;
				CLANG_ANALYZER_NONNULL = YES;
				CLANG_ANALYZER_NUMBER_OBJECT_CONVERSION = YES_AGGRESSIVE;
				CLANG_CXX_LANGUAGE_STANDARD = "gnu++14";
				CLANG_CXX_LIBRARY = "libc++";
				CLANG_ENABLE_MODULES = YES;
				CLANG_ENABLE_OBJC_ARC = YES;
				CLANG_ENABLE_OBJC_WEAK = YES;
				CLANG_WARN_BLOCK_CAPTURE_AUTORELEASING = YES;
				CLANG_WARN_BOOL_CONVERSION = YES;
				CLANG_WARN_COMMA = YES;
				CLANG_WARN_CONSTANT_CONVERSION = YES;
				CLANG_WARN_DEPRECATED_OBJC_IMPLEMENTATIONS = YES;
				CLANG_WARN_DIRECT_OBJC_ISA_USAGE = YES_ERROR;
				CLANG_WARN_DOCUMENTATION_COMMENTS = YES;
				CLANG_WARN_EMPTY_BODY = YES;
				CLANG_WARN_ENUM_CONVERSION = YES;
				CLANG_WARN_INFINITE_RECURSION = YES;
				CLANG_WARN_INT_CONVERSION = YES;
				CLANG_WARN_NON_LITERAL_NULL_CONVERSION = YES;
				CLANG_WARN_OBJC_IMPLICIT_RETAIN_SELF = YES;
				CLANG_WARN_OBJC_LITERAL_CONVERSION = YES;
				CLANG_WARN_OBJC_ROOT_CLASS = YES_ERROR;
				CLANG_WARN_RANGE_LOOP_ANALYSIS = YES;
				CLANG_WARN_STRICT_PROTOTYPES = YES;
				CLANG_WARN_SUSPICIOUS_MOVE = YES;
				CLANG_WARN_UNGUARDED_AVAILABILITY = YES_AGGRESSIVE;
				CLANG_WARN_UNREACHABLE_CODE = YES;
				CLANG_WARN__DUPLICATE_METHOD_MATCH = YES;
				CODE_SIGN_IDENTITY = "iPhone Developer";
				COPY_PHASE_STRIP = NO;
				DEBUG_INFORMATION_FORMAT = "dwarf-with-dsym";
				ENABLE_NS_ASSERTIONS = NO;
				ENABLE_STRICT_OBJC_MSGSEND = YES;
				GCC_C_LANGUAGE_STANDARD = gnu11;
				GCC_NO_COMMON_BLOCKS = YES;
				GCC_WARN_64_TO_32_BIT_CONVERSION = YES;
				GCC_WARN_ABOUT_RETURN_TYPE = YES_ERROR;
				GCC_WARN_UNDECLARED_SELECTOR = YES;
				GCC_WARN_UNINITIALIZED_AUTOS = YES_AGGRESSIVE;
				GCC_WARN_UNUSED_FUNCTION = YES;
				GCC_WARN_UNUSED_VARIABLE = YES;
				IPHONEOS_DEPLOYMENT_TARGET = 11.3;
				MTL_ENABLE_DEBUG_INFO = NO;
				SDKROOT = iphoneos;
				SWIFT_COMPILATION_MODE = wholemodule;
				SWIFT_OPTIMIZATION_LEVEL = "-O";
				VALIDATE_PRODUCT = YES;
			};
			name = Release;
		};
		3A37FFF020B9B5340076128E /* Debug */ = {
			isa = XCBuildConfiguration;
			buildSettings = {
				ASSETCATALOG_COMPILER_APPICON_NAME = AppIcon;
				CODE_SIGN_STYLE = Automatic;
				DEVELOPMENT_TEAM = F6J3L6W9J6;
				INFOPLIST_FILE = Router/Info.plist;
				LD_RUNPATH_SEARCH_PATHS = (
					"$(inherited)",
					"@executable_path/Frameworks",
				);
				PRODUCT_BUNDLE_IDENTIFIER = com.watchermaster.Router;
				PRODUCT_NAME = "$(TARGET_NAME)";
				SWIFT_VERSION = 4.0;
				TARGETED_DEVICE_FAMILY = "1,2";
			};
			name = Debug;
		};
		3A37FFF120B9B5340076128E /* Release */ = {
			isa = XCBuildConfiguration;
			buildSettings = {
				ASSETCATALOG_COMPILER_APPICON_NAME = AppIcon;
				CODE_SIGN_STYLE = Automatic;
				DEVELOPMENT_TEAM = F6J3L6W9J6;
				INFOPLIST_FILE = Router/Info.plist;
				LD_RUNPATH_SEARCH_PATHS = (
					"$(inherited)",
					"@executable_path/Frameworks",
				);
				PRODUCT_BUNDLE_IDENTIFIER = com.watchermaster.Router;
				PRODUCT_NAME = "$(TARGET_NAME)";
				SWIFT_VERSION = 4.0;
				TARGETED_DEVICE_FAMILY = "1,2";
			};
			name = Release;
		};
		3A37FFF320B9B5340076128E /* Debug */ = {
			isa = XCBuildConfiguration;
			buildSettings = {
				ALWAYS_EMBED_SWIFT_STANDARD_LIBRARIES = YES;
				BUNDLE_LOADER = "$(TEST_HOST)";
				CODE_SIGN_STYLE = Automatic;
				DEVELOPMENT_TEAM = F6J3L6W9J6;
				INFOPLIST_FILE = RouterTests/Info.plist;
				LD_RUNPATH_SEARCH_PATHS = (
					"$(inherited)",
					"@executable_path/Frameworks",
					"@loader_path/Frameworks",
				);
				PRODUCT_BUNDLE_IDENTIFIER = com.watchermaster.RouterTests;
				PRODUCT_NAME = "$(TARGET_NAME)";
				SWIFT_VERSION = 4.0;
				TARGETED_DEVICE_FAMILY = "1,2";
				TEST_HOST = "$(BUILT_PRODUCTS_DIR)/Router.app/Router";
			};
			name = Debug;
		};
		3A37FFF420B9B5340076128E /* Release */ = {
			isa = XCBuildConfiguration;
			buildSettings = {
				ALWAYS_EMBED_SWIFT_STANDARD_LIBRARIES = YES;
				BUNDLE_LOADER = "$(TEST_HOST)";
				CODE_SIGN_STYLE = Automatic;
				DEVELOPMENT_TEAM = F6J3L6W9J6;
				INFOPLIST_FILE = RouterTests/Info.plist;
				LD_RUNPATH_SEARCH_PATHS = (
					"$(inherited)",
					"@executable_path/Frameworks",
					"@loader_path/Frameworks",
				);
				PRODUCT_BUNDLE_IDENTIFIER = com.watchermaster.RouterTests;
				PRODUCT_NAME = "$(TARGET_NAME)";
				SWIFT_VERSION = 4.0;
				TARGETED_DEVICE_FAMILY = "1,2";
				TEST_HOST = "$(BUILT_PRODUCTS_DIR)/Router.app/Router";
			};
			name = Release;
		};
		3A37FFF620B9B5340076128E /* Debug */ = {
			isa = XCBuildConfiguration;
			buildSettings = {
				ALWAYS_EMBED_SWIFT_STANDARD_LIBRARIES = YES;
				CODE_SIGN_STYLE = Automatic;
				DEVELOPMENT_TEAM = F6J3L6W9J6;
				INFOPLIST_FILE = RouterUITests/Info.plist;
				LD_RUNPATH_SEARCH_PATHS = (
					"$(inherited)",
					"@executable_path/Frameworks",
					"@loader_path/Frameworks",
				);
				PRODUCT_BUNDLE_IDENTIFIER = com.watchermaster.RouterUITests;
				PRODUCT_NAME = "$(TARGET_NAME)";
				SWIFT_VERSION = 4.0;
				TARGETED_DEVICE_FAMILY = "1,2";
				TEST_TARGET_NAME = Router;
			};
			name = Debug;
		};
		3A37FFF720B9B5340076128E /* Release */ = {
			isa = XCBuildConfiguration;
			buildSettings = {
				ALWAYS_EMBED_SWIFT_STANDARD_LIBRARIES = YES;
				CODE_SIGN_STYLE = Automatic;
				DEVELOPMENT_TEAM = F6J3L6W9J6;
				INFOPLIST_FILE = RouterUITests/Info.plist;
				LD_RUNPATH_SEARCH_PATHS = (
					"$(inherited)",
					"@executable_path/Frameworks",
					"@loader_path/Frameworks",
				);
				PRODUCT_BUNDLE_IDENTIFIER = com.watchermaster.RouterUITests;
				PRODUCT_NAME = "$(TARGET_NAME)";
				SWIFT_VERSION = 4.0;
				TARGETED_DEVICE_FAMILY = "1,2";
				TEST_TARGET_NAME = Router;
			};
			name = Release;
		};
/* End XCBuildConfiguration section */

/* Begin XCConfigurationList section */
		3A37FFC220B9B5300076128E /* Build configuration list for PBXProject "Router" */ = {
			isa = XCConfigurationList;
			buildConfigurations = (
				3A37FFED20B9B5340076128E /* Debug */,
				3A37FFEE20B9B5340076128E /* Release */,
			);
			defaultConfigurationIsVisible = 0;
			defaultConfigurationName = Release;
		};
		3A37FFEF20B9B5340076128E /* Build configuration list for PBXNativeTarget "Router" */ = {
			isa = XCConfigurationList;
			buildConfigurations = (
				3A37FFF020B9B5340076128E /* Debug */,
				3A37FFF120B9B5340076128E /* Release */,
			);
			defaultConfigurationIsVisible = 0;
			defaultConfigurationName = Release;
		};
		3A37FFF220B9B5340076128E /* Build configuration list for PBXNativeTarget "RouterTests" */ = {
			isa = XCConfigurationList;
			buildConfigurations = (
				3A37FFF320B9B5340076128E /* Debug */,
				3A37FFF420B9B5340076128E /* Release */,
			);
			defaultConfigurationIsVisible = 0;
			defaultConfigurationName = Release;
		};
		3A37FFF520B9B5340076128E /* Build configuration list for PBXNativeTarget "RouterUITests" */ = {
			isa = XCConfigurationList;
			buildConfigurations = (
				3A37FFF620B9B5340076128E /* Debug */,
				3A37FFF720B9B5340076128E /* Release */,
			);
			defaultConfigurationIsVisible = 0;
			defaultConfigurationName = Release;
		};
/* End XCConfigurationList section */
	};
	rootObject = 3A37FFBF20B9B5300076128E /* Project object */;
}
