// !$*UTF8*$!
{
	archiveVersion = 1;
	classes = {
	};
	objectVersion = 50;
	objects = {

/* Begin PBXBuildFile section */
		3A37000020B9BC2D0076128E /* FirstModuleAssembly.swift in Sources */ = {isa = PBXBuildFile; fileRef = 3A37FFFF20B9BC2D0076128E /* FirstModuleAssembly.swift */; };
		3A37000220B9BC3A0076128E /* SecondModuleAssembly.swift in Sources */ = {isa = PBXBuildFile; fileRef = 3A37000120B9BC3A0076128E /* SecondModuleAssembly.swift */; };
		3A37000420B9BEDE0076128E /* SecondPresenter.swift in Sources */ = {isa = PBXBuildFile; fileRef = 3A37000320B9BEDE0076128E /* SecondPresenter.swift */; };
		3A37000B20B9BFBB0076128E /* SecondViewIO.swift in Sources */ = {isa = PBXBuildFile; fileRef = 3A37000A20B9BFBB0076128E /* SecondViewIO.swift */; };
		3A37000E20B9C1630076128E /* UIViewController+Extension.swift in Sources */ = {isa = PBXBuildFile; fileRef = 3A37000D20B9C1630076128E /* UIViewController+Extension.swift */; };
		3A37001020B9D29D0076128E /* ViewInput.swift in Sources */ = {isa = PBXBuildFile; fileRef = 3A37000F20B9D29D0076128E /* ViewInput.swift */; };
		3A37FFCB20B9B5300076128E /* AppDelegate.swift in Sources */ = {isa = PBXBuildFile; fileRef = 3A37FFCA20B9B5300076128E /* AppDelegate.swift */; };
		3A37FFCD20B9B5300076128E /* FirstViewController.swift in Sources */ = {isa = PBXBuildFile; fileRef = 3A37FFCC20B9B5300076128E /* FirstViewController.swift */; };
		3A37FFD020B9B5300076128E /* Main.storyboard in Resources */ = {isa = PBXBuildFile; fileRef = 3A37FFCE20B9B5300076128E /* Main.storyboard */; };
		3A37FFD220B9B5340076128E /* Assets.xcassets in Resources */ = {isa = PBXBuildFile; fileRef = 3A37FFD120B9B5340076128E /* Assets.xcassets */; };
		3A37FFD520B9B5340076128E /* LaunchScreen.storyboard in Resources */ = {isa = PBXBuildFile; fileRef = 3A37FFD320B9B5340076128E /* LaunchScreen.storyboard */; };
		3A37FFE020B9B5340076128E /* RouterTests.swift in Sources */ = {isa = PBXBuildFile; fileRef = 3A37FFDF20B9B5340076128E /* RouterTests.swift */; };
		3A37FFEB20B9B5340076128E /* RouterUITests.swift in Sources */ = {isa = PBXBuildFile; fileRef = 3A37FFEA20B9B5340076128E /* RouterUITests.swift */; };
		3A37FFFB20B9BAD70076128E /* Router.swift in Sources */ = {isa = PBXBuildFile; fileRef = 3A37FFFA20B9BAD70076128E /* Router.swift */; };
		3A37FFFE20B9BBE90076128E /* ApplicationAssembly.swift in Sources */ = {isa = PBXBuildFile; fileRef = 3A37FFFD20B9BBE90076128E /* ApplicationAssembly.swift */; };
		85E0F96988F0341758E1AF1E /* Pods_Router.framework in Frameworks */ = {isa = PBXBuildFile; fileRef = FEC6C8154A868A24E61280DE /* Pods_Router.framework */; };
		A316AD6C20C00DAF00BE862C /* SecondViewController.swift in Sources */ = {isa = PBXBuildFile; fileRef = 3A37FFF820B9BA4D0076128E /* SecondViewController.swift */; };
		A316AD7020C014A900BE862C /* Scene.swift in Sources */ = {isa = PBXBuildFile; fileRef = A316AD6E20C014A900BE862C /* Scene.swift */; };
		A316AD7120C014A900BE862C /* SecondScenePush.swift in Sources */ = {isa = PBXBuildFile; fileRef = A316AD6F20C014A900BE862C /* SecondScenePush.swift */; };
		A316AD7320C0154400BE862C /* ModuleInput.swift in Sources */ = {isa = PBXBuildFile; fileRef = A316AD7220C0154400BE862C /* ModuleInput.swift */; };
		A316AD7620C01A9800BE862C /* RouterAssembly.swift in Sources */ = {isa = PBXBuildFile; fileRef = A316AD7520C01A9800BE862C /* RouterAssembly.swift */; };
		A316AD7820C0252F00BE862C /* SecondSceneModal.swift in Sources */ = {isa = PBXBuildFile; fileRef = A316AD7720C0252F00BE862C /* SecondSceneModal.swift */; };
		A316AD8420C03C2900BE862C /* FirstScene.swift in Sources */ = {isa = PBXBuildFile; fileRef = A316AD8320C03C2900BE862C /* FirstScene.swift */; };
		A316AD8620C03CCD00BE862C /* FirstPresenter.swift in Sources */ = {isa = PBXBuildFile; fileRef = A316AD8520C03CCD00BE862C /* FirstPresenter.swift */; };
		A316AD8820C03CED00BE862C /* FirstViewIO.swift in Sources */ = {isa = PBXBuildFile; fileRef = A316AD8720C03CED00BE862C /* FirstViewIO.swift */; };
		ED1CEF421D26E0640F779642 /* Pods_RouterUITests.framework in Frameworks */ = {isa = PBXBuildFile; fileRef = 3F4FAA80202EF4144873F5F1 /* Pods_RouterUITests.framework */; };
		F65EA09022AEF03409BD0D73 /* Pods_RouterTests.framework in Frameworks */ = {isa = PBXBuildFile; fileRef = 5496829DF30CD33218B8F70B /* Pods_RouterTests.framework */; };
/* End PBXBuildFile section */

/* Begin PBXContainerItemProxy section */
		3A37FFDC20B9B5340076128E /* PBXContainerItemProxy */ = {
			isa = PBXContainerItemProxy;
			containerPortal = 3A37FFBF20B9B5300076128E /* Project object */;
			proxyType = 1;
			remoteGlobalIDString = 3A37FFC620B9B5300076128E;
			remoteInfo = Router;
		};
		3A37FFE720B9B5340076128E /* PBXContainerItemProxy */ = {
			isa = PBXContainerItemProxy;
			containerPortal = 3A37FFBF20B9B5300076128E /* Project object */;
			proxyType = 1;
			remoteGlobalIDString = 3A37FFC620B9B5300076128E;
			remoteInfo = Router;
		};
/* End PBXContainerItemProxy section */

/* Begin PBXFileReference section */
		324313AD5622414D58D483AF /* Pods-Router.debug.xcconfig */ = {isa = PBXFileReference; includeInIndex = 1; lastKnownFileType = text.xcconfig; name = "Pods-Router.debug.xcconfig"; path = "Pods/Target Support Files/Pods-Router/Pods-Router.debug.xcconfig"; sourceTree = "<group>"; };
		3A37000120B9BC3A0076128E /* SecondModuleAssembly.swift */ = {isa = PBXFileReference; lastKnownFileType = sourcecode.swift; path = SecondModuleAssembly.swift; sourceTree = "<group>"; };
		3A37000320B9BEDE0076128E /* SecondPresenter.swift */ = {isa = PBXFileReference; lastKnownFileType = sourcecode.swift; path = SecondPresenter.swift; sourceTree = "<group>"; };
		3A37000A20B9BFBB0076128E /* SecondViewIO.swift */ = {isa = PBXFileReference; lastKnownFileType = sourcecode.swift; path = SecondViewIO.swift; sourceTree = "<group>"; };
		3A37000D20B9C1630076128E /* UIViewController+Extension.swift */ = {isa = PBXFileReference; lastKnownFileType = sourcecode.swift; path = "UIViewController+Extension.swift"; sourceTree = "<group>"; };
		3A37000F20B9D29D0076128E /* ViewInput.swift */ = {isa = PBXFileReference; lastKnownFileType = sourcecode.swift; path = ViewInput.swift; sourceTree = "<group>"; };
		3A37FFC720B9B5300076128E /* Router.app */ = {isa = PBXFileReference; explicitFileType = wrapper.application; includeInIndex = 0; path = Router.app; sourceTree = BUILT_PRODUCTS_DIR; };
		3A37FFCA20B9B5300076128E /* AppDelegate.swift */ = {isa = PBXFileReference; lastKnownFileType = sourcecode.swift; path = AppDelegate.swift; sourceTree = "<group>"; };
		3A37FFCC20B9B5300076128E /* FirstViewController.swift */ = {isa = PBXFileReference; lastKnownFileType = sourcecode.swift; path = FirstViewController.swift; sourceTree = "<group>"; };
		3A37FFCF20B9B5300076128E /* Base */ = {isa = PBXFileReference; lastKnownFileType = file.storyboard; name = Base; path = Base.lproj/Main.storyboard; sourceTree = "<group>"; };
		3A37FFD120B9B5340076128E /* Assets.xcassets */ = {isa = PBXFileReference; lastKnownFileType = folder.assetcatalog; path = Assets.xcassets; sourceTree = "<group>"; };
		3A37FFD420B9B5340076128E /* Base */ = {isa = PBXFileReference; lastKnownFileType = file.storyboard; name = Base; path = Base.lproj/LaunchScreen.storyboard; sourceTree = "<group>"; };
		3A37FFD620B9B5340076128E /* Info.plist */ = {isa = PBXFileReference; lastKnownFileType = text.plist.xml; path = Info.plist; sourceTree = "<group>"; };
		3A37FFDB20B9B5340076128E /* RouterTests.xctest */ = {isa = PBXFileReference; explicitFileType = wrapper.cfbundle; includeInIndex = 0; path = RouterTests.xctest; sourceTree = BUILT_PRODUCTS_DIR; };
		3A37FFDF20B9B5340076128E /* RouterTests.swift */ = {isa = PBXFileReference; lastKnownFileType = sourcecode.swift; path = RouterTests.swift; sourceTree = "<group>"; };
		3A37FFE120B9B5340076128E /* Info.plist */ = {isa = PBXFileReference; lastKnownFileType = text.plist.xml; path = Info.plist; sourceTree = "<group>"; };
		3A37FFE620B9B5340076128E /* RouterUITests.xctest */ = {isa = PBXFileReference; explicitFileType = wrapper.cfbundle; includeInIndex = 0; path = RouterUITests.xctest; sourceTree = BUILT_PRODUCTS_DIR; };
		3A37FFEA20B9B5340076128E /* RouterUITests.swift */ = {isa = PBXFileReference; lastKnownFileType = sourcecode.swift; path = RouterUITests.swift; sourceTree = "<group>"; };
		3A37FFEC20B9B5340076128E /* Info.plist */ = {isa = PBXFileReference; lastKnownFileType = text.plist.xml; path = Info.plist; sourceTree = "<group>"; };
		3A37FFF820B9BA4D0076128E /* SecondViewController.swift */ = {isa = PBXFileReference; lastKnownFileType = sourcecode.swift; path = SecondViewController.swift; sourceTree = "<group>"; };
		3A37FFFA20B9BAD70076128E /* Router.swift */ = {isa = PBXFileReference; lastKnownFileType = sourcecode.swift; path = Router.swift; sourceTree = "<group>"; };
		3A37FFFD20B9BBE90076128E /* ApplicationAssembly.swift */ = {isa = PBXFileReference; lastKnownFileType = sourcecode.swift; path = ApplicationAssembly.swift; sourceTree = "<group>"; };
		3A37FFFF20B9BC2D0076128E /* FirstModuleAssembly.swift */ = {isa = PBXFileReference; lastKnownFileType = sourcecode.swift; path = FirstModuleAssembly.swift; sourceTree = "<group>"; };
		3F4FAA80202EF4144873F5F1 /* Pods_RouterUITests.framework */ = {isa = PBXFileReference; explicitFileType = wrapper.framework; includeInIndex = 0; path = Pods_RouterUITests.framework; sourceTree = BUILT_PRODUCTS_DIR; };
		44D2A9368658535055FDF9BF /* Pods-RouterTests.debug.xcconfig */ = {isa = PBXFileReference; includeInIndex = 1; lastKnownFileType = text.xcconfig; name = "Pods-RouterTests.debug.xcconfig"; path = "Pods/Target Support Files/Pods-RouterTests/Pods-RouterTests.debug.xcconfig"; sourceTree = "<group>"; };
		5496829DF30CD33218B8F70B /* Pods_RouterTests.framework */ = {isa = PBXFileReference; explicitFileType = wrapper.framework; includeInIndex = 0; path = Pods_RouterTests.framework; sourceTree = BUILT_PRODUCTS_DIR; };
		5C7B39CC6C972DB65FBBC3CF /* Pods-Router.release.xcconfig */ = {isa = PBXFileReference; includeInIndex = 1; lastKnownFileType = text.xcconfig; name = "Pods-Router.release.xcconfig"; path = "Pods/Target Support Files/Pods-Router/Pods-Router.release.xcconfig"; sourceTree = "<group>"; };
		7247AE5C9B5B11F3284B3C6E /* Pods-RouterUITests.debug.xcconfig */ = {isa = PBXFileReference; includeInIndex = 1; lastKnownFileType = text.xcconfig; name = "Pods-RouterUITests.debug.xcconfig"; path = "Pods/Target Support Files/Pods-RouterUITests/Pods-RouterUITests.debug.xcconfig"; sourceTree = "<group>"; };
		8EDF0BEF23ED10E9B3D42FE2 /* Pods-RouterTests.release.xcconfig */ = {isa = PBXFileReference; includeInIndex = 1; lastKnownFileType = text.xcconfig; name = "Pods-RouterTests.release.xcconfig"; path = "Pods/Target Support Files/Pods-RouterTests/Pods-RouterTests.release.xcconfig"; sourceTree = "<group>"; };
		A316AD6E20C014A900BE862C /* Scene.swift */ = {isa = PBXFileReference; fileEncoding = 4; lastKnownFileType = sourcecode.swift; path = Scene.swift; sourceTree = "<group>"; };
		A316AD6F20C014A900BE862C /* SecondScenePush.swift */ = {isa = PBXFileReference; fileEncoding = 4; lastKnownFileType = sourcecode.swift; path = SecondScenePush.swift; sourceTree = "<group>"; };
		A316AD7220C0154400BE862C /* ModuleInput.swift */ = {isa = PBXFileReference; fileEncoding = 4; lastKnownFileType = sourcecode.swift; path = ModuleInput.swift; sourceTree = "<group>"; };
		A316AD7520C01A9800BE862C /* RouterAssembly.swift */ = {isa = PBXFileReference; lastKnownFileType = sourcecode.swift; path = RouterAssembly.swift; sourceTree = "<group>"; };
		A316AD7720C0252F00BE862C /* SecondSceneModal.swift */ = {isa = PBXFileReference; lastKnownFileType = sourcecode.swift; path = SecondSceneModal.swift; sourceTree = "<group>"; };
		A316AD8320C03C2900BE862C /* FirstScene.swift */ = {isa = PBXFileReference; lastKnownFileType = sourcecode.swift; path = FirstScene.swift; sourceTree = "<group>"; };
		A316AD8520C03CCD00BE862C /* FirstPresenter.swift */ = {isa = PBXFileReference; lastKnownFileType = sourcecode.swift; path = FirstPresenter.swift; sourceTree = "<group>"; };
		A316AD8720C03CED00BE862C /* FirstViewIO.swift */ = {isa = PBXFileReference; lastKnownFileType = sourcecode.swift; path = FirstViewIO.swift; sourceTree = "<group>"; };
		CC0FABD0DAEE31994AC1EA9D /* Pods-RouterUITests.release.xcconfig */ = {isa = PBXFileReference; includeInIndex = 1; lastKnownFileType = text.xcconfig; name = "Pods-RouterUITests.release.xcconfig"; path = "Pods/Target Support Files/Pods-RouterUITests/Pods-RouterUITests.release.xcconfig"; sourceTree = "<group>"; };
		FEC6C8154A868A24E61280DE /* Pods_Router.framework */ = {isa = PBXFileReference; explicitFileType = wrapper.framework; includeInIndex = 0; path = Pods_Router.framework; sourceTree = BUILT_PRODUCTS_DIR; };
/* End PBXFileReference section */

/* Begin PBXFrameworksBuildPhase section */
		3A37FFC420B9B5300076128E /* Frameworks */ = {
			isa = PBXFrameworksBuildPhase;
			buildActionMask = 2147483647;
			files = (
				85E0F96988F0341758E1AF1E /* Pods_Router.framework in Frameworks */,
			);
			runOnlyForDeploymentPostprocessing = 0;
		};
		3A37FFD820B9B5340076128E /* Frameworks */ = {
			isa = PBXFrameworksBuildPhase;
			buildActionMask = 2147483647;
			files = (
				F65EA09022AEF03409BD0D73 /* Pods_RouterTests.framework in Frameworks */,
			);
			runOnlyForDeploymentPostprocessing = 0;
		};
		3A37FFE320B9B5340076128E /* Frameworks */ = {
			isa = PBXFrameworksBuildPhase;
			buildActionMask = 2147483647;
			files = (
				ED1CEF421D26E0640F779642 /* Pods_RouterUITests.framework in Frameworks */,
			);
			runOnlyForDeploymentPostprocessing = 0;
		};
/* End PBXFrameworksBuildPhase section */

/* Begin PBXGroup section */
		182D7A985883C98E1CFB25F7 /* Pods */ = {
			isa = PBXGroup;
			children = (
				324313AD5622414D58D483AF /* Pods-Router.debug.xcconfig */,
				5C7B39CC6C972DB65FBBC3CF /* Pods-Router.release.xcconfig */,
				44D2A9368658535055FDF9BF /* Pods-RouterTests.debug.xcconfig */,
				8EDF0BEF23ED10E9B3D42FE2 /* Pods-RouterTests.release.xcconfig */,
				7247AE5C9B5B11F3284B3C6E /* Pods-RouterUITests.debug.xcconfig */,
				CC0FABD0DAEE31994AC1EA9D /* Pods-RouterUITests.release.xcconfig */,
			);
			name = Pods;
			sourceTree = "<group>";
		};
		3A37000620B9BF010076128E /* Second */ = {
			isa = PBXGroup;
			children = (
				3A37FFF820B9BA4D0076128E /* SecondViewController.swift */,
				3A37000A20B9BFBB0076128E /* SecondViewIO.swift */,
				3A37000320B9BEDE0076128E /* SecondPresenter.swift */,
				3A37000120B9BC3A0076128E /* SecondModuleAssembly.swift */,
			);
			path = Second;
			sourceTree = "<group>";
		};
		3A37000720B9BF100076128E /* First */ = {
			isa = PBXGroup;
			children = (
				3A37FFCC20B9B5300076128E /* FirstViewController.swift */,
				3A37FFFF20B9BC2D0076128E /* FirstModuleAssembly.swift */,
				A316AD8520C03CCD00BE862C /* FirstPresenter.swift */,
				A316AD8720C03CED00BE862C /* FirstViewIO.swift */,
			);
			path = First;
			sourceTree = "<group>";
		};
		3A37000C20B9C1050076128E /* Router */ = {
			isa = PBXGroup;
			children = (
				A316AD7420C01A7E00BE862C /* RouterAssembly */,
				3A37FFFA20B9BAD70076128E /* Router.swift */,
				A316AD7220C0154400BE862C /* ModuleInput.swift */,
				3A37000D20B9C1630076128E /* UIViewController+Extension.swift */,
				A316AD6D20C014A900BE862C /* Scene */,
			);
			path = Router;
			sourceTree = "<group>";
		};
		3A37FFBE20B9B5300076128E = {
			isa = PBXGroup;
			children = (
				3A37FFC920B9B5300076128E /* Router */,
				3A37FFDE20B9B5340076128E /* RouterTests */,
				3A37FFE920B9B5340076128E /* RouterUITests */,
				3A37FFC820B9B5300076128E /* Products */,
				182D7A985883C98E1CFB25F7 /* Pods */,
				58DA3F69DCA4087D14FC24C9 /* Frameworks */,
			);
			sourceTree = "<group>";
		};
		3A37FFC820B9B5300076128E /* Products */ = {
			isa = PBXGroup;
			children = (
				3A37FFC720B9B5300076128E /* Router.app */,
				3A37FFDB20B9B5340076128E /* RouterTests.xctest */,
				3A37FFE620B9B5340076128E /* RouterUITests.xctest */,
			);
			name = Products;
			sourceTree = "<group>";
		};
		3A37FFC920B9B5300076128E /* Router */ = {
			isa = PBXGroup;
			children = (
				3A37FFCA20B9B5300076128E /* AppDelegate.swift */,
				3A37FFFC20B9BBDB0076128E /* ApplicationAssembly */,
				3A37000C20B9C1050076128E /* Router */,
				3A37000720B9BF100076128E /* First */,
				3A37000620B9BF010076128E /* Second */,
				3A37FFCE20B9B5300076128E /* Main.storyboard */,
				3A37FFD120B9B5340076128E /* Assets.xcassets */,
				3A37FFD320B9B5340076128E /* LaunchScreen.storyboard */,
				3A37FFD620B9B5340076128E /* Info.plist */,
				3A37000F20B9D29D0076128E /* ViewInput.swift */,
			);
			path = Router;
			sourceTree = "<group>";
		};
		3A37FFDE20B9B5340076128E /* RouterTests */ = {
			isa = PBXGroup;
			children = (
				3A37FFDF20B9B5340076128E /* RouterTests.swift */,
				3A37FFE120B9B5340076128E /* Info.plist */,
			);
			path = RouterTests;
			sourceTree = "<group>";
		};
		3A37FFE920B9B5340076128E /* RouterUITests */ = {
			isa = PBXGroup;
			children = (
				3A37FFEA20B9B5340076128E /* RouterUITests.swift */,
				3A37FFEC20B9B5340076128E /* Info.plist */,
			);
			path = RouterUITests;
			sourceTree = "<group>";
		};
		3A37FFFC20B9BBDB0076128E /* ApplicationAssembly */ = {
			isa = PBXGroup;
			children = (
				3A37FFFD20B9BBE90076128E /* ApplicationAssembly.swift */,
			);
			path = ApplicationAssembly;
			sourceTree = "<group>";
		};
		58DA3F69DCA4087D14FC24C9 /* Frameworks */ = {
			isa = PBXGroup;
			children = (
				FEC6C8154A868A24E61280DE /* Pods_Router.framework */,
				5496829DF30CD33218B8F70B /* Pods_RouterTests.framework */,
				3F4FAA80202EF4144873F5F1 /* Pods_RouterUITests.framework */,
			);
			name = Frameworks;
			sourceTree = "<group>";
		};
		A316AD6D20C014A900BE862C /* Scene */ = {
			isa = PBXGroup;
			children = (
				A316AD6E20C014A900BE862C /* Scene.swift */,
				A316AD6F20C014A900BE862C /* SecondScenePush.swift */,
				A316AD7720C0252F00BE862C /* SecondSceneModal.swift */,
				A316AD8320C03C2900BE862C /* FirstScene.swift */,
			);
			path = Scene;
			sourceTree = "<group>";
		};
		A316AD7420C01A7E00BE862C /* RouterAssembly */ = {
			isa = PBXGroup;
			children = (
				A316AD7520C01A9800BE862C /* RouterAssembly.swift */,
			);
			path = RouterAssembly;
			sourceTree = "<group>";
		};
/* End PBXGroup section */

/* Begin PBXNativeTarget section */
		3A37FFC620B9B5300076128E /* Router */ = {
			isa = PBXNativeTarget;
			buildConfigurationList = 3A37FFEF20B9B5340076128E /* Build configuration list for PBXNativeTarget "Router" */;
			buildPhases = (
				71849B2BB7DA934BAEF4B1C3 /* [CP] Check Pods Manifest.lock */,
				3A37FFC320B9B5300076128E /* Sources */,
				3A37FFC420B9B5300076128E /* Frameworks */,
				3A37FFC520B9B5300076128E /* Resources */,
				20060F50686E4A39CE7E0422 /* [CP] Embed Pods Frameworks */,
			);
			buildRules = (
			);
			dependencies = (
			);
			name = Router;
			productName = Router;
			productReference = 3A37FFC720B9B5300076128E /* Router.app */;
			productType = "com.apple.product-type.application";
		};
		3A37FFDA20B9B5340076128E /* RouterTests */ = {
			isa = PBXNativeTarget;
			buildConfigurationList = 3A37FFF220B9B5340076128E /* Build configuration list for PBXNativeTarget "RouterTests" */;
			buildPhases = (
				353E3B3DF02715ADB512EA62 /* [CP] Check Pods Manifest.lock */,
				3A37FFD720B9B5340076128E /* Sources */,
				3A37FFD820B9B5340076128E /* Frameworks */,
				3A37FFD920B9B5340076128E /* Resources */,
			);
			buildRules = (
			);
			dependencies = (
				3A37FFDD20B9B5340076128E /* PBXTargetDependency */,
			);
			name = RouterTests;
			productName = RouterTests;
			productReference = 3A37FFDB20B9B5340076128E /* RouterTests.xctest */;
			productType = "com.apple.product-type.bundle.unit-test";
		};
		3A37FFE520B9B5340076128E /* RouterUITests */ = {
			isa = PBXNativeTarget;
			buildConfigurationList = 3A37FFF520B9B5340076128E /* Build configuration list for PBXNativeTarget "RouterUITests" */;
			buildPhases = (
				045EAFF241BDC0839FF3FE53 /* [CP] Check Pods Manifest.lock */,
				3A37FFE220B9B5340076128E /* Sources */,
				3A37FFE320B9B5340076128E /* Frameworks */,
				3A37FFE420B9B5340076128E /* Resources */,
			);
			buildRules = (
			);
			dependencies = (
				3A37FFE820B9B5340076128E /* PBXTargetDependency */,
			);
			name = RouterUITests;
			productName = RouterUITests;
			productReference = 3A37FFE620B9B5340076128E /* RouterUITests.xctest */;
			productType = "com.apple.product-type.bundle.ui-testing";
		};
/* End PBXNativeTarget section */

/* Begin PBXProject section */
		3A37FFBF20B9B5300076128E /* Project object */ = {
			isa = PBXProject;
			attributes = {
				LastSwiftUpdateCheck = 0930;
				LastUpgradeCheck = 0930;
				ORGANIZATIONNAME = "Anton Goncharov";
				TargetAttributes = {
					3A37FFC620B9B5300076128E = {
						CreatedOnToolsVersion = 9.3;
					};
					3A37FFDA20B9B5340076128E = {
						CreatedOnToolsVersion = 9.3;
						TestTargetID = 3A37FFC620B9B5300076128E;
					};
					3A37FFE520B9B5340076128E = {
						CreatedOnToolsVersion = 9.3;
						TestTargetID = 3A37FFC620B9B5300076128E;
					};
				};
			};
			buildConfigurationList = 3A37FFC220B9B5300076128E /* Build configuration list for PBXProject "Router" */;
			compatibilityVersion = "Xcode 9.3";
			developmentRegion = en;
			hasScannedForEncodings = 0;
			knownRegions = (
				en,
				Base,
			);
			mainGroup = 3A37FFBE20B9B5300076128E;
			productRefGroup = 3A37FFC820B9B5300076128E /* Products */;
			projectDirPath = "";
			projectRoot = "";
			targets = (
				3A37FFC620B9B5300076128E /* Router */,
				3A37FFDA20B9B5340076128E /* RouterTests */,
				3A37FFE520B9B5340076128E /* RouterUITests */,
			);
		};
/* End PBXProject section */

/* Begin PBXResourcesBuildPhase section */
		3A37FFC520B9B5300076128E /* Resources */ = {
			isa = PBXResourcesBuildPhase;
			buildActionMask = 2147483647;
			files = (
				3A37FFD520B9B5340076128E /* LaunchScreen.storyboard in Resources */,
				3A37FFD220B9B5340076128E /* Assets.xcassets in Resources */,
				3A37FFD020B9B5300076128E /* Main.storyboard in Resources */,
			);
			runOnlyForDeploymentPostprocessing = 0;
		};
		3A37FFD920B9B5340076128E /* Resources */ = {
			isa = PBXResourcesBuildPhase;
			buildActionMask = 2147483647;
			files = (
			);
			runOnlyForDeploymentPostprocessing = 0;
		};
		3A37FFE420B9B5340076128E /* Resources */ = {
			isa = PBXResourcesBuildPhase;
			buildActionMask = 2147483647;
			files = (
			);
			runOnlyForDeploymentPostprocessing = 0;
		};
/* End PBXResourcesBuildPhase section */

/* Begin PBXShellScriptBuildPhase section */
		045EAFF241BDC0839FF3FE53 /* [CP] Check Pods Manifest.lock */ = {
			isa = PBXShellScriptBuildPhase;
			buildActionMask = 2147483647;
			files = (
			);
			inputPaths = (
				"${PODS_PODFILE_DIR_PATH}/Podfile.lock",
				"${PODS_ROOT}/Manifest.lock",
			);
			name = "[CP] Check Pods Manifest.lock";
			outputPaths = (
				"$(DERIVED_FILE_DIR)/Pods-RouterUITests-checkManifestLockResult.txt",
			);
			runOnlyForDeploymentPostprocessing = 0;
			shellPath = /bin/sh;
			shellScript = "diff \"${PODS_PODFILE_DIR_PATH}/Podfile.lock\" \"${PODS_ROOT}/Manifest.lock\" > /dev/null\nif [ $? != 0 ] ; then\n    # print error to STDERR\n    echo \"error: The sandbox is not in sync with the Podfile.lock. Run 'pod install' or update your CocoaPods installation.\" >&2\n    exit 1\nfi\n# This output is used by Xcode 'outputs' to avoid re-running this script phase.\necho \"SUCCESS\" > \"${SCRIPT_OUTPUT_FILE_0}\"\n";
			showEnvVarsInLog = 0;
		};
		20060F50686E4A39CE7E0422 /* [CP] Embed Pods Frameworks */ = {
			isa = PBXShellScriptBuildPhase;
			buildActionMask = 2147483647;
			files = (
			);
			inputPaths = (
				"${SRCROOT}/Pods/Target Support Files/Pods-Router/Pods-Router-frameworks.sh",
				"${BUILT_PRODUCTS_DIR}/Swinject/Swinject.framework",
				"${BUILT_PRODUCTS_DIR}/SwinjectStoryboard/SwinjectStoryboard.framework",
			);
			name = "[CP] Embed Pods Frameworks";
			outputPaths = (
				"${TARGET_BUILD_DIR}/${FRAMEWORKS_FOLDER_PATH}/Swinject.framework",
				"${TARGET_BUILD_DIR}/${FRAMEWORKS_FOLDER_PATH}/SwinjectStoryboard.framework",
			);
			runOnlyForDeploymentPostprocessing = 0;
			shellPath = /bin/sh;
			shellScript = "\"${SRCROOT}/Pods/Target Support Files/Pods-Router/Pods-Router-frameworks.sh\"\n";
			showEnvVarsInLog = 0;
		};
		353E3B3DF02715ADB512EA62 /* [CP] Check Pods Manifest.lock */ = {
			isa = PBXShellScriptBuildPhase;
			buildActionMask = 2147483647;
			files = (
			);
			inputPaths = (
				"${PODS_PODFILE_DIR_PATH}/Podfile.lock",
				"${PODS_ROOT}/Manifest.lock",
			);
			name = "[CP] Check Pods Manifest.lock";
			outputPaths = (
				"$(DERIVED_FILE_DIR)/Pods-RouterTests-checkManifestLockResult.txt",
			);
			runOnlyForDeploymentPostprocessing = 0;
			shellPath = /bin/sh;
			shellScript = "diff \"${PODS_PODFILE_DIR_PATH}/Podfile.lock\" \"${PODS_ROOT}/Manifest.lock\" > /dev/null\nif [ $? != 0 ] ; then\n    # print error to STDERR\n    echo \"error: The sandbox is not in sync with the Podfile.lock. Run 'pod install' or update your CocoaPods installation.\" >&2\n    exit 1\nfi\n# This output is used by Xcode 'outputs' to avoid re-running this script phase.\necho \"SUCCESS\" > \"${SCRIPT_OUTPUT_FILE_0}\"\n";
			showEnvVarsInLog = 0;
		};
		71849B2BB7DA934BAEF4B1C3 /* [CP] Check Pods Manifest.lock */ = {
			isa = PBXShellScriptBuildPhase;
			buildActionMask = 2147483647;
			files = (
			);
			inputPaths = (
				"${PODS_PODFILE_DIR_PATH}/Podfile.lock",
				"${PODS_ROOT}/Manifest.lock",
			);
			name = "[CP] Check Pods Manifest.lock";
			outputPaths = (
				"$(DERIVED_FILE_DIR)/Pods-Router-checkManifestLockResult.txt",
			);
			runOnlyForDeploymentPostprocessing = 0;
			shellPath = /bin/sh;
			shellScript = "diff \"${PODS_PODFILE_DIR_PATH}/Podfile.lock\" \"${PODS_ROOT}/Manifest.lock\" > /dev/null\nif [ $? != 0 ] ; then\n    # print error to STDERR\n    echo \"error: The sandbox is not in sync with the Podfile.lock. Run 'pod install' or update your CocoaPods installation.\" >&2\n    exit 1\nfi\n# This output is used by Xcode 'outputs' to avoid re-running this script phase.\necho \"SUCCESS\" > \"${SCRIPT_OUTPUT_FILE_0}\"\n";
			showEnvVarsInLog = 0;
		};
/* End PBXShellScriptBuildPhase section */

/* Begin PBXSourcesBuildPhase section */
		3A37FFC320B9B5300076128E /* Sources */ = {
			isa = PBXSourcesBuildPhase;
			buildActionMask = 2147483647;
			files = (
				3A37000020B9BC2D0076128E /* FirstModuleAssembly.swift in Sources */,
				A316AD8620C03CCD00BE862C /* FirstPresenter.swift in Sources */,
				A316AD7320C0154400BE862C /* ModuleInput.swift in Sources */,
				3A37000E20B9C1630076128E /* UIViewController+Extension.swift in Sources */,
				3A37FFFB20B9BAD70076128E /* Router.swift in Sources */,
				3A37FFFE20B9BBE90076128E /* ApplicationAssembly.swift in Sources */,
				A316AD7020C014A900BE862C /* Scene.swift in Sources */,
				A316AD7120C014A900BE862C /* SecondScenePush.swift in Sources */,
				3A37000420B9BEDE0076128E /* SecondPresenter.swift in Sources */,
				A316AD7820C0252F00BE862C /* SecondSceneModal.swift in Sources */,
				3A37FFCD20B9B5300076128E /* FirstViewController.swift in Sources */,
				A316AD8820C03CED00BE862C /* FirstViewIO.swift in Sources */,
				3A37000220B9BC3A0076128E /* SecondModuleAssembly.swift in Sources */,
				A316AD6C20C00DAF00BE862C /* SecondViewController.swift in Sources */,
				3A37001020B9D29D0076128E /* ViewInput.swift in Sources */,
				3A37000B20B9BFBB0076128E /* SecondViewIO.swift in Sources */,
				A316AD7620C01A9800BE862C /* RouterAssembly.swift in Sources */,
				A316AD8420C03C2900BE862C /* FirstScene.swift in Sources */,
				3A37FFCB20B9B5300076128E /* AppDelegate.swift in Sources */,
			);
			runOnlyForDeploymentPostprocessing = 0;
		};
		3A37FFD720B9B5340076128E /* Sources */ = {
			isa = PBXSourcesBuildPhase;
			buildActionMask = 2147483647;
			files = (
				3A37FFE020B9B5340076128E /* RouterTests.swift in Sources */,
			);
			runOnlyForDeploymentPostprocessing = 0;
		};
		3A37FFE220B9B5340076128E /* Sources */ = {
			isa = PBXSourcesBuildPhase;
			buildActionMask = 2147483647;
			files = (
				3A37FFEB20B9B5340076128E /* RouterUITests.swift in Sources */,
			);
			runOnlyForDeploymentPostprocessing = 0;
		};
/* End PBXSourcesBuildPhase section */

/* Begin PBXTargetDependency section */
		3A37FFDD20B9B5340076128E /* PBXTargetDependency */ = {
			isa = PBXTargetDependency;
			target = 3A37FFC620B9B5300076128E /* Router */;
			targetProxy = 3A37FFDC20B9B5340076128E /* PBXContainerItemProxy */;
		};
		3A37FFE820B9B5340076128E /* PBXTargetDependency */ = {
			isa = PBXTargetDependency;
			target = 3A37FFC620B9B5300076128E /* Router */;
			targetProxy = 3A37FFE720B9B5340076128E /* PBXContainerItemProxy */;
		};
/* End PBXTargetDependency section */

/* Begin PBXVariantGroup section */
		3A37FFCE20B9B5300076128E /* Main.storyboard */ = {
			isa = PBXVariantGroup;
			children = (
				3A37FFCF20B9B5300076128E /* Base */,
			);
			name = Main.storyboard;
			sourceTree = "<group>";
		};
		3A37FFD320B9B5340076128E /* LaunchScreen.storyboard */ = {
			isa = PBXVariantGroup;
			children = (
				3A37FFD420B9B5340076128E /* Base */,
			);
			name = LaunchScreen.storyboard;
			sourceTree = "<group>";
		};
/* End PBXVariantGroup section */

/* Begin XCBuildConfiguration section */
		3A37FFED20B9B5340076128E /* Debug */ = {
			isa = XCBuildConfiguration;
			buildSettings = {
				ALWAYS_SEARCH_USER_PATHS = NO;
				CLANG_ANALYZER_NONNULL = YES;
				CLANG_ANALYZER_NUMBER_OBJECT_CONVERSION = YES_AGGRESSIVE;
				CLANG_CXX_LANGUAGE_STANDARD = "gnu++14";
				CLANG_CXX_LIBRARY = "libc++";
				CLANG_ENABLE_MODULES = YES;
				CLANG_ENABLE_OBJC_ARC = YES;
				CLANG_ENABLE_OBJC_WEAK = YES;
				CLANG_WARN_BLOCK_CAPTURE_AUTORELEASING = YES;
				CLANG_WARN_BOOL_CONVERSION = YES;
				CLANG_WARN_COMMA = YES;
				CLANG_WARN_CONSTANT_CONVERSION = YES;
				CLANG_WARN_DEPRECATED_OBJC_IMPLEMENTATIONS = YES;
				CLANG_WARN_DIRECT_OBJC_ISA_USAGE = YES_ERROR;
				CLANG_WARN_DOCUMENTATION_COMMENTS = YES;
				CLANG_WARN_EMPTY_BODY = YES;
				CLANG_WARN_ENUM_CONVERSION = YES;
				CLANG_WARN_INFINITE_RECURSION = YES;
				CLANG_WARN_INT_CONVERSION = YES;
				CLANG_WARN_NON_LITERAL_NULL_CONVERSION = YES;
				CLANG_WARN_OBJC_IMPLICIT_RETAIN_SELF = YES;
				CLANG_WARN_OBJC_LITERAL_CONVERSION = YES;
				CLANG_WARN_OBJC_ROOT_CLASS = YES_ERROR;
				CLANG_WARN_RANGE_LOOP_ANALYSIS = YES;
				CLANG_WARN_STRICT_PROTOTYPES = YES;
				CLANG_WARN_SUSPICIOUS_MOVE = YES;
				CLANG_WARN_UNGUARDED_AVAILABILITY = YES_AGGRESSIVE;
				CLANG_WARN_UNREACHABLE_CODE = YES;
				CLANG_WARN__DUPLICATE_METHOD_MATCH = YES;
				CODE_SIGN_IDENTITY = "iPhone Developer";
				COPY_PHASE_STRIP = NO;
				DEBUG_INFORMATION_FORMAT = dwarf;
				ENABLE_STRICT_OBJC_MSGSEND = YES;
				ENABLE_TESTABILITY = YES;
				GCC_C_LANGUAGE_STANDARD = gnu11;
				GCC_DYNAMIC_NO_PIC = NO;
				GCC_NO_COMMON_BLOCKS = YES;
				GCC_OPTIMIZATION_LEVEL = 0;
				GCC_PREPROCESSOR_DEFINITIONS = (
					"DEBUG=1",
					"$(inherited)",
				);
				GCC_WARN_64_TO_32_BIT_CONVERSION = YES;
				GCC_WARN_ABOUT_RETURN_TYPE = YES_ERROR;
				GCC_WARN_UNDECLARED_SELECTOR = YES;
				GCC_WARN_UNINITIALIZED_AUTOS = YES_AGGRESSIVE;
				GCC_WARN_UNUSED_FUNCTION = YES;
				GCC_WARN_UNUSED_VARIABLE = YES;
				IPHONEOS_DEPLOYMENT_TARGET = 11.3;
				MTL_ENABLE_DEBUG_INFO = YES;
				ONLY_ACTIVE_ARCH = YES;
				SDKROOT = iphoneos;
				SWIFT_ACTIVE_COMPILATION_CONDITIONS = DEBUG;
				SWIFT_OPTIMIZATION_LEVEL = "-Onone";
			};
			name = Debug;
		};
		3A37FFEE20B9B5340076128E /* Release */ = {
			isa = XCBuildConfiguration;
			buildSettings = {
				ALWAYS_SEARCH_USER_PATHS = NO;
				CLANG_ANALYZER_NONNULL = YES;
				CLANG_ANALYZER_NUMBER_OBJECT_CONVERSION = YES_AGGRESSIVE;
				CLANG_CXX_LANGUAGE_STANDARD = "gnu++14";
				CLANG_CXX_LIBRARY = "libc++";
				CLANG_ENABLE_MODULES = YES;
				CLANG_ENABLE_OBJC_ARC = YES;
				CLANG_ENABLE_OBJC_WEAK = YES;
				CLANG_WARN_BLOCK_CAPTURE_AUTORELEASING = YES;
				CLANG_WARN_BOOL_CONVERSION = YES;
				CLANG_WARN_COMMA = YES;
				CLANG_WARN_CONSTANT_CONVERSION = YES;
				CLANG_WARN_DEPRECATED_OBJC_IMPLEMENTATIONS = YES;
				CLANG_WARN_DIRECT_OBJC_ISA_USAGE = YES_ERROR;
				CLANG_WARN_DOCUMENTATION_COMMENTS = YES;
				CLANG_WARN_EMPTY_BODY = YES;
				CLANG_WARN_ENUM_CONVERSION = YES;
				CLANG_WARN_INFINITE_RECURSION = YES;
				CLANG_WARN_INT_CONVERSION = YES;
				CLANG_WARN_NON_LITERAL_NULL_CONVERSION = YES;
				CLANG_WARN_OBJC_IMPLICIT_RETAIN_SELF = YES;
				CLANG_WARN_OBJC_LITERAL_CONVERSION = YES;
				CLANG_WARN_OBJC_ROOT_CLASS = YES_ERROR;
				CLANG_WARN_RANGE_LOOP_ANALYSIS = YES;
				CLANG_WARN_STRICT_PROTOTYPES = YES;
				CLANG_WARN_SUSPICIOUS_MOVE = YES;
				CLANG_WARN_UNGUARDED_AVAILABILITY = YES_AGGRESSIVE;
				CLANG_WARN_UNREACHABLE_CODE = YES;
				CLANG_WARN__DUPLICATE_METHOD_MATCH = YES;
				CODE_SIGN_IDENTITY = "iPhone Developer";
				COPY_PHASE_STRIP = NO;
				DEBUG_INFORMATION_FORMAT = "dwarf-with-dsym";
				ENABLE_NS_ASSERTIONS = NO;
				ENABLE_STRICT_OBJC_MSGSEND = YES;
				GCC_C_LANGUAGE_STANDARD = gnu11;
				GCC_NO_COMMON_BLOCKS = YES;
				GCC_WARN_64_TO_32_BIT_CONVERSION = YES;
				GCC_WARN_ABOUT_RETURN_TYPE = YES_ERROR;
				GCC_WARN_UNDECLARED_SELECTOR = YES;
				GCC_WARN_UNINITIALIZED_AUTOS = YES_AGGRESSIVE;
				GCC_WARN_UNUSED_FUNCTION = YES;
				GCC_WARN_UNUSED_VARIABLE = YES;
				IPHONEOS_DEPLOYMENT_TARGET = 11.3;
				MTL_ENABLE_DEBUG_INFO = NO;
				SDKROOT = iphoneos;
				SWIFT_COMPILATION_MODE = wholemodule;
				SWIFT_OPTIMIZATION_LEVEL = "-O";
				VALIDATE_PRODUCT = YES;
			};
			name = Release;
		};
		3A37FFF020B9B5340076128E /* Debug */ = {
			isa = XCBuildConfiguration;
			baseConfigurationReference = 324313AD5622414D58D483AF /* Pods-Router.debug.xcconfig */;
			buildSettings = {
				ASSETCATALOG_COMPILER_APPICON_NAME = AppIcon;
				CODE_SIGN_STYLE = Automatic;
				DEVELOPMENT_TEAM = F6J3L6W9J6;
				INFOPLIST_FILE = Router/Info.plist;
				LD_RUNPATH_SEARCH_PATHS = (
					"$(inherited)",
					"@executable_path/Frameworks",
				);
				PRODUCT_BUNDLE_IDENTIFIER = com.watchermaster.Router;
				PRODUCT_NAME = "$(TARGET_NAME)";
				SWIFT_VERSION = 4.0;
				TARGETED_DEVICE_FAMILY = "1,2";
			};
			name = Debug;
		};
		3A37FFF120B9B5340076128E /* Release */ = {
			isa = XCBuildConfiguration;
			baseConfigurationReference = 5C7B39CC6C972DB65FBBC3CF /* Pods-Router.release.xcconfig */;
			buildSettings = {
				ASSETCATALOG_COMPILER_APPICON_NAME = AppIcon;
				CODE_SIGN_STYLE = Automatic;
				DEVELOPMENT_TEAM = F6J3L6W9J6;
				INFOPLIST_FILE = Router/Info.plist;
				LD_RUNPATH_SEARCH_PATHS = (
					"$(inherited)",
					"@executable_path/Frameworks",
				);
				PRODUCT_BUNDLE_IDENTIFIER = com.watchermaster.Router;
				PRODUCT_NAME = "$(TARGET_NAME)";
				SWIFT_VERSION = 4.0;
				TARGETED_DEVICE_FAMILY = "1,2";
			};
			name = Release;
		};
		3A37FFF320B9B5340076128E /* Debug */ = {
			isa = XCBuildConfiguration;
			baseConfigurationReference = 44D2A9368658535055FDF9BF /* Pods-RouterTests.debug.xcconfig */;
			buildSettings = {
				ALWAYS_EMBED_SWIFT_STANDARD_LIBRARIES = YES;
				BUNDLE_LOADER = "$(TEST_HOST)";
				CODE_SIGN_STYLE = Automatic;
				DEVELOPMENT_TEAM = F6J3L6W9J6;
				INFOPLIST_FILE = RouterTests/Info.plist;
				LD_RUNPATH_SEARCH_PATHS = (
					"$(inherited)",
					"@executable_path/Frameworks",
					"@loader_path/Frameworks",
				);
				PRODUCT_BUNDLE_IDENTIFIER = com.watchermaster.RouterTests;
				PRODUCT_NAME = "$(TARGET_NAME)";
				SWIFT_VERSION = 4.0;
				TARGETED_DEVICE_FAMILY = "1,2";
				TEST_HOST = "$(BUILT_PRODUCTS_DIR)/Router.app/Router";
			};
			name = Debug;
		};
		3A37FFF420B9B5340076128E /* Release */ = {
			isa = XCBuildConfiguration;
			baseConfigurationReference = 8EDF0BEF23ED10E9B3D42FE2 /* Pods-RouterTests.release.xcconfig */;
			buildSettings = {
				ALWAYS_EMBED_SWIFT_STANDARD_LIBRARIES = YES;
				BUNDLE_LOADER = "$(TEST_HOST)";
				CODE_SIGN_STYLE = Automatic;
				DEVELOPMENT_TEAM = F6J3L6W9J6;
				INFOPLIST_FILE = RouterTests/Info.plist;
				LD_RUNPATH_SEARCH_PATHS = (
					"$(inherited)",
					"@executable_path/Frameworks",
					"@loader_path/Frameworks",
				);
				PRODUCT_BUNDLE_IDENTIFIER = com.watchermaster.RouterTests;
				PRODUCT_NAME = "$(TARGET_NAME)";
				SWIFT_VERSION = 4.0;
				TARGETED_DEVICE_FAMILY = "1,2";
				TEST_HOST = "$(BUILT_PRODUCTS_DIR)/Router.app/Router";
			};
			name = Release;
		};
		3A37FFF620B9B5340076128E /* Debug */ = {
			isa = XCBuildConfiguration;
			baseConfigurationReference = 7247AE5C9B5B11F3284B3C6E /* Pods-RouterUITests.debug.xcconfig */;
			buildSettings = {
				ALWAYS_EMBED_SWIFT_STANDARD_LIBRARIES = YES;
				CODE_SIGN_STYLE = Automatic;
				DEVELOPMENT_TEAM = F6J3L6W9J6;
				INFOPLIST_FILE = RouterUITests/Info.plist;
				LD_RUNPATH_SEARCH_PATHS = (
					"$(inherited)",
					"@executable_path/Frameworks",
					"@loader_path/Frameworks",
				);
				PRODUCT_BUNDLE_IDENTIFIER = com.watchermaster.RouterUITests;
				PRODUCT_NAME = "$(TARGET_NAME)";
				SWIFT_VERSION = 4.0;
				TARGETED_DEVICE_FAMILY = "1,2";
				TEST_TARGET_NAME = Router;
			};
			name = Debug;
		};
		3A37FFF720B9B5340076128E /* Release */ = {
			isa = XCBuildConfiguration;
			baseConfigurationReference = CC0FABD0DAEE31994AC1EA9D /* Pods-RouterUITests.release.xcconfig */;
			buildSettings = {
				ALWAYS_EMBED_SWIFT_STANDARD_LIBRARIES = YES;
				CODE_SIGN_STYLE = Automatic;
				DEVELOPMENT_TEAM = F6J3L6W9J6;
				INFOPLIST_FILE = RouterUITests/Info.plist;
				LD_RUNPATH_SEARCH_PATHS = (
					"$(inherited)",
					"@executable_path/Frameworks",
					"@loader_path/Frameworks",
				);
				PRODUCT_BUNDLE_IDENTIFIER = com.watchermaster.RouterUITests;
				PRODUCT_NAME = "$(TARGET_NAME)";
				SWIFT_VERSION = 4.0;
				TARGETED_DEVICE_FAMILY = "1,2";
				TEST_TARGET_NAME = Router;
			};
			name = Release;
		};
/* End XCBuildConfiguration section */

/* Begin XCConfigurationList section */
		3A37FFC220B9B5300076128E /* Build configuration list for PBXProject "Router" */ = {
			isa = XCConfigurationList;
			buildConfigurations = (
				3A37FFED20B9B5340076128E /* Debug */,
				3A37FFEE20B9B5340076128E /* Release */,
			);
			defaultConfigurationIsVisible = 0;
			defaultConfigurationName = Release;
		};
		3A37FFEF20B9B5340076128E /* Build configuration list for PBXNativeTarget "Router" */ = {
			isa = XCConfigurationList;
			buildConfigurations = (
				3A37FFF020B9B5340076128E /* Debug */,
				3A37FFF120B9B5340076128E /* Release */,
			);
			defaultConfigurationIsVisible = 0;
			defaultConfigurationName = Release;
		};
		3A37FFF220B9B5340076128E /* Build configuration list for PBXNativeTarget "RouterTests" */ = {
			isa = XCConfigurationList;
			buildConfigurations = (
				3A37FFF320B9B5340076128E /* Debug */,
				3A37FFF420B9B5340076128E /* Release */,
			);
			defaultConfigurationIsVisible = 0;
			defaultConfigurationName = Release;
		};
		3A37FFF520B9B5340076128E /* Build configuration list for PBXNativeTarget "RouterUITests" */ = {
			isa = XCConfigurationList;
			buildConfigurations = (
				3A37FFF620B9B5340076128E /* Debug */,
				3A37FFF720B9B5340076128E /* Release */,
			);
			defaultConfigurationIsVisible = 0;
			defaultConfigurationName = Release;
		};
/* End XCConfigurationList section */
	};
	rootObject = 3A37FFBF20B9B5300076128E /* Project object */;
}
